PODS:
  - UseSenseMediaPipe (4.4.1)
  - UseSenseSDK (4.4.1):
    - UseSenseMediaPipe (= 4.4.1)

DEPENDENCIES:
  - UseSenseMediaPipe (from `/Users/opeyemiadeyemi/work/usesense-workspace/usesense-ios-sdk/Example/.mediapipe/UseSenseMediaPipe.local.podspec`)
  - UseSenseSDK (from `../`)

EXTERNAL SOURCES:
  UseSenseMediaPipe:
    :podspec: "/Users/opeyemiadeyemi/work/usesense-workspace/usesense-ios-sdk/Example/.mediapipe/UseSenseMediaPipe.local.podspec"
  UseSenseSDK:
    :path: "../"

SPEC CHECKSUMS:
  UseSenseMediaPipe: 7ad26374bc24ba1ebf70dc5b10cbbc4975b82121
  UseSenseSDK: 8269c3c237a2fc017cd1faf30d0e8e0ae5afb28d

PODFILE CHECKSUM: 0d4f044756f303cae5a0e3c7db34d13c973ed69d

COCOAPODS: 1.16.2
